
Microsoft Visual Studio Solution File, Format Version 12.00
# Visual Studio Version 17
VisualStudioVersion = 17.8.34525.116
MinimumVisualStudioVersion = 10.0.40219.1
Project("{FAE04EC0-301F-11D3-BF4B-00C04F79EFBC}") = "FurniturWebApplication", "FurniturWebApplication\FurniturWebApplication.csproj", "{24595347-E558-4C0F-BBF4-9A3D11B09CB7}"
EndProject
Global
	GlobalSection(SolutionConfigurationPlatforms) = preSolution
		Debug|Any CPU = Debug|Any CPU
		Release|Any CPU = Release|Any CPU
	EndGlobalSection
	GlobalSection(ProjectConfigurationPlatforms) = postSolution
		{24595347-E558-4C0F-BBF4-9A3D11B09CB7}.Debug|Any CPU.ActiveCfg = Debug|Any CPU
		{24595347-E558-4C0F-BBF4-9A3D11B09CB7}.Debug|Any CPU.Build.0 = Debug|Any CPU
		{24595347-E558-4C0F-BBF4-9A3D11B09CB7}.Release|Any CPU.ActiveCfg = Release|Any CPU
		{24595347-E558-4C0F-BBF4-9A3D11B09CB7}.Release|Any CPU.Build.0 = Release|Any CPU
	EndGlobalSection
	GlobalSection(SolutionProperties) = preSolution
		HideSolutionNode = FALSE
	EndGlobalSection
	GlobalSection(ExtensibilityGlobals) = postSolution
		SolutionGuid = {A4713343-5FA8-4EB2-86AA-A0A2F32DD8D5}
	EndGlobalSection
EndGlobal
